
Microsoft Visual Studio Solution File, Format Version 12.00
# Visual Studio Version 16
VisualStudioVersion = 16.0.28803.352
MinimumVisualStudioVersion = 10.0.40219.1
Project("{FAE04EC0-301F-11D3-BF4B-00C04F79EFBC}") = "ConsoleApp1", "ConsoleApp1\ConsoleApp1.csproj", "{1F72908B-B742-4759-A4A1-07C5336B8DBE}"
EndProject
Global
	GlobalSection(SolutionConfigurationPlatforms) = preSolution
		Debug|Any CPU = Debug|Any CPU
		Release|Any CPU = Release|Any CPU
	EndGlobalSection
	GlobalSection(ProjectConfigurationPlatforms) = postSolution
		{1F72908B-B742-4759-A4A1-07C5336B8DBE}.Debug|Any CPU.ActiveCfg = Debug|Any CPU
		{1F72908B-B742-4759-A4A1-07C5336B8DBE}.Debug|Any CPU.Build.0 = Debug|Any CPU
		{1F72908B-B742-4759-A4A1-07C5336B8DBE}.Release|Any CPU.ActiveCfg = Release|Any CPU
		{1F72908B-B742-4759-A4A1-07C5336B8DBE}.Release|Any CPU.Build.0 = Release|Any CPU
	EndGlobalSection
	GlobalSection(SolutionProperties) = preSolution
		HideSolutionNode = FALSE
	EndGlobalSection
	GlobalSection(ExtensibilityGlobals) = postSolution
		SolutionGuid = {7BB0CAB5-9ECF-44D4-8849-3339E7EC65F7}
	EndGlobalSection
EndGlobal
